
Microsoft Visual Studio Solution File, Format Version 12.00
# Visual Studio Version 16
VisualStudioVersion = 16.0.29613.14
MinimumVisualStudioVersion = 10.0.40219.1
Project("{FAE04EC0-301F-11D3-BF4B-00C04F79EFBC}") = "Lesson31", "Lesson31.csproj", "{2B63A0AE-B075-4112-8B65-CA01D1EE79F5}"
EndProject
Project("{FAE04EC0-301F-11D3-BF4B-00C04F79EFBC}") = "Lesson32", "..\Lesson32\Lesson32.csproj", "{FF25392E-FE3A-4F8F-A598-C06A10EE727E}"
EndProject
Project("{FAE04EC0-301F-11D3-BF4B-00C04F79EFBC}") = "Lesson33", "..\Lesson33\Lesson33.csproj", "{192CDB79-F6F3-462A-A0E0-133F53EBB674}"
EndProject
Global
	GlobalSection(SolutionConfigurationPlatforms) = preSolution
		Debug|Any CPU = Debug|Any CPU
		Release|Any CPU = Release|Any CPU
	EndGlobalSection
	GlobalSection(ProjectConfigurationPlatforms) = postSolution
		{2B63A0AE-B075-4112-8B65-CA01D1EE79F5}.Debug|Any CPU.ActiveCfg = Debug|Any CPU
		{2B63A0AE-B075-4112-8B65-CA01D1EE79F5}.Debug|Any CPU.Build.0 = Debug|Any CPU
		{2B63A0AE-B075-4112-8B65-CA01D1EE79F5}.Release|Any CPU.ActiveCfg = Release|Any CPU
		{2B63A0AE-B075-4112-8B65-CA01D1EE79F5}.Release|Any CPU.Build.0 = Release|Any CPU
		{FF25392E-FE3A-4F8F-A598-C06A10EE727E}.Debug|Any CPU.ActiveCfg = Debug|Any CPU
		{FF25392E-FE3A-4F8F-A598-C06A10EE727E}.Debug|Any CPU.Build.0 = Debug|Any CPU
		{FF25392E-FE3A-4F8F-A598-C06A10EE727E}.Release|Any CPU.ActiveCfg = Release|Any CPU
		{FF25392E-FE3A-4F8F-A598-C06A10EE727E}.Release|Any CPU.Build.0 = Release|Any CPU
		{192CDB79-F6F3-462A-A0E0-133F53EBB674}.Debug|Any CPU.ActiveCfg = Debug|Any CPU
		{192CDB79-F6F3-462A-A0E0-133F53EBB674}.Debug|Any CPU.Build.0 = Debug|Any CPU
		{192CDB79-F6F3-462A-A0E0-133F53EBB674}.Release|Any CPU.ActiveCfg = Release|Any CPU
		{192CDB79-F6F3-462A-A0E0-133F53EBB674}.Release|Any CPU.Build.0 = Release|Any CPU
	EndGlobalSection
	GlobalSection(SolutionProperties) = preSolution
		HideSolutionNode = FALSE
	EndGlobalSection
	GlobalSection(ExtensibilityGlobals) = postSolution
		SolutionGuid = {4F2477AF-7DAB-4D8C-9ACC-0C9CC49E701F}
	EndGlobalSection
EndGlobal
